{
  "version": 4,
  "terraform_version": "1.5.6",
  "serial": 113,
  "lineage": "d7d746f0-5d87-b505-7093-d315e7c5ce39",
  "outputs": {
    "external_ip_address_vm_1": {
      "value": "158.160.8.60",
      "type": "string"
    },
    "external_ip_address_vm_2": {
      "value": "158.160.77.118",
      "type": "string"
    },
    "internal_ip_address_vm_1": {
      "value": "192.168.10.33",
      "type": "string"
    },
    "internal_ip_address_vm_2": {
      "value": "192.168.10.9",
      "type": "string"
    }
  },
  "resources": [
    {
      "mode": "managed",
      "type": "yandex_compute_instance",
      "name": "vm",
      "provider": "provider[\"registry.terraform.io/yandex-cloud/yandex\"]",
      "instances": [
        {
          "index_key": 0,
          "schema_version": 1,
          "attributes": {
            "allow_recreate": null,
            "allow_stopping_for_update": null,
            "boot_disk": [
              {
                "auto_delete": true,
                "device_name": "epdurjev51k0t2bur4s5",
                "disk_id": "epdurjev51k0t2bur4s5",
                "initialize_params": [
                  {
                    "block_size": 4096,
                    "description": "",
                    "image_id": "fd87q4jvf0vdho41nnvr",
                    "name": "",
                    "size": 20,
                    "snapshot_id": "",
                    "type": "network-hdd"
                  }
                ],
                "mode": "READ_WRITE"
              }
            ],
            "created_at": "2023-09-05T15:32:44Z",
            "description": "",
            "filesystem": [],
            "folder_id": "b1gcqjd2qv0nc6pk0mhv",
            "fqdn": "epddgc2t71i1f0mn9pi8.auto.internal",
            "gpu_cluster_id": "",
            "hostname": "",
            "id": "epddgc2t71i1f0mn9pi8",
            "labels": null,
            "local_disk": [],
            "metadata": {
              "user-data": "#cloud-config\n#yaml файл для описания действий после разворачивания инфры\ndisable_root: true \ntimezone: Europe/Moscow\nrepo_update: true \nrepo_upgrade: true\napt:\n  preserve_sources_list: true\n#указываем пакеты для установки через apt\npackages: \n  - nginx \nruncmd:\n  - [ systemctl, nginx-reload ]\n#делаем сервис nginx автозапускаемым\n  - [ systemctl, enable, nginx.service ]\n  - [ systemctl, start, --no-block, nginx.service ]\n#прописываем hostname в index.html\n  - [ sh, -c, \"echo $(hostname | cut -d '.' -f 1 ) \u003e /var/www/html/index.html\" ]\n  - [ sh, -c, \"echo $(ip add) \u003e\u003e /var/www/html/index.html\" ]\nusers:\n  - name: user\n    groups: sudo\n    shell: /bin/bash\n    sudo: ['ALL=(ALL) NOPASSWD:ALL']\n    ssh-authorized-keys:\n      - ssh-rsa AAAAB3NzaC1yc2EAAAADAQABAAABgQC6ql2czR4c7Tcf9AueTRX1F4mSnQPeV1sBJqlHZgnO1jgxy/1kGx/p+nTwW/DNTIPPaEfzUaOvo0C16sAUnwknbND/arxrb21fqyo143Sn75KsQkIvdVdxVfEqZAwpgwGgr1rI3LEGNb5bXxNuCakUZtnh1QZA5wlmMWJ6RQeF5EA4AtLYHHBaKTtUzrmU+2ZX/7preyyWbQ2v+5/2ktIq8DRSfzuT3kEwG7zEOCWanTNWI4p/07IfXpRgGKmM9JXf1Ete0nkf3FkeOAdrRLwbasIaWsOWLKr/x2IPvCm2vArLdKl0J41tWXrsS/e8vgRphV9XODWm6lH9eLPKbrCc3Wsy6Qi32pu8vN14tlrxRjqdLwwmy/COad+NWkbCi6PPE70ivlahx8M3tv3srqTvyNIaLJHou64AnIkYmgKYe62nQpKYAJIaH0KVdCNn7DzpVuPXogZMVr6g/cAc65s7Wc4541oURw9zKWdrR3JH8md7T3V/SxRh3HztUTwvSlM= root@Deb11-x64\n"
            },
            "metadata_options": [
              {
                "aws_v1_http_endpoint": 1,
                "aws_v1_http_token": 2,
                "gce_http_endpoint": 1,
                "gce_http_token": 1
              }
            ],
            "name": "vm0",
            "network_acceleration_type": "standard",
            "network_interface": [
              {
                "dns_record": [],
                "index": 0,
                "ip_address": "192.168.10.33",
                "ipv4": true,
                "ipv6": false,
                "ipv6_address": "",
                "ipv6_dns_record": [],
                "mac_address": "d0:0d:d8:30:5d:38",
                "nat": true,
                "nat_dns_record": [],
                "nat_ip_address": "158.160.8.60",
                "nat_ip_version": "IPV4",
                "security_group_ids": [],
                "subnet_id": "e2lcqegd8d9fpa2od6j4"
              }
            ],
            "placement_policy": [
              {
                "host_affinity_rules": [],
                "placement_group_id": "fd8ch48putg0ph76sbsn"
              }
            ],
            "platform_id": "standard-v1",
            "resources": [
              {
                "core_fraction": 20,
                "cores": 2,
                "gpus": 0,
                "memory": 2
              }
            ],
            "scheduling_policy": [
              {
                "preemptible": false
              }
            ],
            "secondary_disk": [],
            "service_account_id": "",
            "status": "running",
            "timeouts": null,
            "zone": "ru-central1-b"
          },
          "sensitive_attributes": [],
          "private": "eyJlMmJmYjczMC1lY2FhLTExZTYtOGY4OC0zNDM2M2JjN2M0YzAiOnsiY3JlYXRlIjozMDAwMDAwMDAwMDAsImRlbGV0ZSI6MzAwMDAwMDAwMDAwLCJ1cGRhdGUiOjMwMDAwMDAwMDAwMH0sInNjaGVtYV92ZXJzaW9uIjoiMSJ9",
          "dependencies": [
            "yandex_compute_placement_group.str-group1",
            "yandex_vpc_subnet.subnet-1"
          ]
        },
        {
          "index_key": 1,
          "schema_version": 1,
          "attributes": {
            "allow_recreate": null,
            "allow_stopping_for_update": null,
            "boot_disk": [
              {
                "auto_delete": true,
                "device_name": "epdgr9bbqjp4qemo1780",
                "disk_id": "epdgr9bbqjp4qemo1780",
                "initialize_params": [
                  {
                    "block_size": 4096,
                    "description": "",
                    "image_id": "fd87q4jvf0vdho41nnvr",
                    "name": "",
                    "size": 20,
                    "snapshot_id": "",
                    "type": "network-hdd"
                  }
                ],
                "mode": "READ_WRITE"
              }
            ],
            "created_at": "2023-09-05T15:32:46Z",
            "description": "",
            "filesystem": [],
            "folder_id": "b1gcqjd2qv0nc6pk0mhv",
            "fqdn": "epd02f9p3feccpp1t8s1.auto.internal",
            "gpu_cluster_id": "",
            "hostname": "",
            "id": "epd02f9p3feccpp1t8s1",
            "labels": null,
            "local_disk": [],
            "metadata": {
              "user-data": "#cloud-config\n#yaml файл для описания действий после разворачивания инфры\ndisable_root: true \ntimezone: Europe/Moscow\nrepo_update: true \nrepo_upgrade: true\napt:\n  preserve_sources_list: true\n#указываем пакеты для установки через apt\npackages: \n  - nginx \nruncmd:\n  - [ systemctl, nginx-reload ]\n#делаем сервис nginx автозапускаемым\n  - [ systemctl, enable, nginx.service ]\n  - [ systemctl, start, --no-block, nginx.service ]\n#прописываем hostname в index.html\n  - [ sh, -c, \"echo $(hostname | cut -d '.' -f 1 ) \u003e /var/www/html/index.html\" ]\n  - [ sh, -c, \"echo $(ip add) \u003e\u003e /var/www/html/index.html\" ]\nusers:\n  - name: user\n    groups: sudo\n    shell: /bin/bash\n    sudo: ['ALL=(ALL) NOPASSWD:ALL']\n    ssh-authorized-keys:\n      - ssh-rsa AAAAB3NzaC1yc2EAAAADAQABAAABgQC6ql2czR4c7Tcf9AueTRX1F4mSnQPeV1sBJqlHZgnO1jgxy/1kGx/p+nTwW/DNTIPPaEfzUaOvo0C16sAUnwknbND/arxrb21fqyo143Sn75KsQkIvdVdxVfEqZAwpgwGgr1rI3LEGNb5bXxNuCakUZtnh1QZA5wlmMWJ6RQeF5EA4AtLYHHBaKTtUzrmU+2ZX/7preyyWbQ2v+5/2ktIq8DRSfzuT3kEwG7zEOCWanTNWI4p/07IfXpRgGKmM9JXf1Ete0nkf3FkeOAdrRLwbasIaWsOWLKr/x2IPvCm2vArLdKl0J41tWXrsS/e8vgRphV9XODWm6lH9eLPKbrCc3Wsy6Qi32pu8vN14tlrxRjqdLwwmy/COad+NWkbCi6PPE70ivlahx8M3tv3srqTvyNIaLJHou64AnIkYmgKYe62nQpKYAJIaH0KVdCNn7DzpVuPXogZMVr6g/cAc65s7Wc4541oURw9zKWdrR3JH8md7T3V/SxRh3HztUTwvSlM= root@Deb11-x64\n"
            },
            "metadata_options": [
              {
                "aws_v1_http_endpoint": 1,
                "aws_v1_http_token": 2,
                "gce_http_endpoint": 1,
                "gce_http_token": 1
              }
            ],
            "name": "vm1",
            "network_acceleration_type": "standard",
            "network_interface": [
              {
                "dns_record": [],
                "index": 0,
                "ip_address": "192.168.10.9",
                "ipv4": true,
                "ipv6": false,
                "ipv6_address": "",
                "ipv6_dns_record": [],
                "mac_address": "d0:0d:13:d3:91:bd",
                "nat": true,
                "nat_dns_record": [],
                "nat_ip_address": "158.160.77.118",
                "nat_ip_version": "IPV4",
                "security_group_ids": [],
                "subnet_id": "e2lcqegd8d9fpa2od6j4"
              }
            ],
            "placement_policy": [
              {
                "host_affinity_rules": [],
                "placement_group_id": "fd8ch48putg0ph76sbsn"
              }
            ],
            "platform_id": "standard-v1",
            "resources": [
              {
                "core_fraction": 20,
                "cores": 2,
                "gpus": 0,
                "memory": 2
              }
            ],
            "scheduling_policy": [
              {
                "preemptible": false
              }
            ],
            "secondary_disk": [],
            "service_account_id": "",
            "status": "running",
            "timeouts": null,
            "zone": "ru-central1-b"
          },
          "sensitive_attributes": [],
          "private": "eyJlMmJmYjczMC1lY2FhLTExZTYtOGY4OC0zNDM2M2JjN2M0YzAiOnsiY3JlYXRlIjozMDAwMDAwMDAwMDAsImRlbGV0ZSI6MzAwMDAwMDAwMDAwLCJ1cGRhdGUiOjMwMDAwMDAwMDAwMH0sInNjaGVtYV92ZXJzaW9uIjoiMSJ9",
          "dependencies": [
            "yandex_compute_placement_group.str-group1",
            "yandex_vpc_subnet.subnet-1"
          ]
        }
      ]
    },
    {
      "mode": "managed",
      "type": "yandex_compute_placement_group",
      "name": "str-group1",
      "provider": "provider[\"registry.terraform.io/yandex-cloud/yandex\"]",
      "instances": [
        {
          "schema_version": 0,
          "attributes": {
            "created_at": "2023-09-05T15:18:50Z",
            "description": "",
            "folder_id": "b1gcqjd2qv0nc6pk0mhv",
            "id": "fd8ch48putg0ph76sbsn",
            "labels": {},
            "name": "str-pg1",
            "timeouts": null
          },
          "sensitive_attributes": [],
          "private": "eyJlMmJmYjczMC1lY2FhLTExZTYtOGY4OC0zNDM2M2JjN2M0YzAiOnsiY3JlYXRlIjo2MDAwMDAwMDAwMCwiZGVsZXRlIjo2MDAwMDAwMDAwMCwidXBkYXRlIjo2MDAwMDAwMDAwMH19"
        }
      ]
    },
    {
      "mode": "managed",
      "type": "yandex_lb_network_load_balancer",
      "name": "str-lb",
      "provider": "provider[\"registry.terraform.io/yandex-cloud/yandex\"]",
      "instances": [
        {
          "schema_version": 0,
          "attributes": {
            "attached_target_group": [
              {
                "healthcheck": [
                  {
                    "healthy_threshold": 2,
                    "http_options": [
                      {
                        "path": "/",
                        "port": 80
                      }
                    ],
                    "interval": 2,
                    "name": "http-check",
                    "tcp_options": [],
                    "timeout": 1,
                    "unhealthy_threshold": 2
                  }
                ],
                "target_group_id": "enpkg0trf1ag5e4m7rfb"
              }
            ],
            "created_at": "2023-09-05T15:20:26Z",
            "deletion_protection": false,
            "description": "",
            "folder_id": "b1gcqjd2qv0nc6pk0mhv",
            "id": "enpvs7386eonaut322ed",
            "labels": {},
            "listener": [
              {
                "external_address_spec": [
                  {
                    "address": "158.160.107.184",
                    "ip_version": "ipv4"
                  }
                ],
                "internal_address_spec": [],
                "name": "str-lb-listener",
                "port": 80,
                "protocol": "tcp",
                "target_port": 80
              }
            ],
            "name": "str-lb",
            "region_id": "ru-central1",
            "timeouts": null,
            "type": "external"
          },
          "sensitive_attributes": [],
          "private": "eyJlMmJmYjczMC1lY2FhLTExZTYtOGY4OC0zNDM2M2JjN2M0YzAiOnsiY3JlYXRlIjozMDAwMDAwMDAwMDAsImRlbGV0ZSI6MzAwMDAwMDAwMDAwLCJ1cGRhdGUiOjMwMDAwMDAwMDAwMH19",
          "dependencies": [
            "yandex_compute_instance.vm",
            "yandex_compute_placement_group.str-group1",
            "yandex_lb_target_group.str-tg",
            "yandex_vpc_network.network-1",
            "yandex_vpc_subnet.subnet-1"
          ]
        }
      ]
    },
    {
      "mode": "managed",
      "type": "yandex_lb_target_group",
      "name": "str-tg",
      "provider": "provider[\"registry.terraform.io/yandex-cloud/yandex\"]",
      "instances": [
        {
          "schema_version": 0,
          "attributes": {
            "created_at": "2023-09-05T15:20:23Z",
            "description": "",
            "folder_id": "b1gcqjd2qv0nc6pk0mhv",
            "id": "enpkg0trf1ag5e4m7rfb",
            "labels": {},
            "name": "str-tg",
            "region_id": "ru-central1",
            "target": [
              {
                "address": "192.168.10.33",
                "subnet_id": "e2lcqegd8d9fpa2od6j4"
              },
              {
                "address": "192.168.10.9",
                "subnet_id": "e2lcqegd8d9fpa2od6j4"
              }
            ],
            "timeouts": null
          },
          "sensitive_attributes": [],
          "private": "eyJlMmJmYjczMC1lY2FhLTExZTYtOGY4OC0zNDM2M2JjN2M0YzAiOnsiY3JlYXRlIjozMDAwMDAwMDAwMDAsImRlbGV0ZSI6MzAwMDAwMDAwMDAwLCJ1cGRhdGUiOjMwMDAwMDAwMDAwMH19",
          "dependencies": [
            "yandex_compute_instance.vm",
            "yandex_compute_placement_group.str-group1",
            "yandex_vpc_subnet.subnet-1"
          ]
        }
      ]
    },
    {
      "mode": "managed",
      "type": "yandex_vpc_network",
      "name": "network-1",
      "provider": "provider[\"registry.terraform.io/yandex-cloud/yandex\"]",
      "instances": [
        {
          "schema_version": 0,
          "attributes": {
            "created_at": "2023-09-05T15:18:49Z",
            "default_security_group_id": "",
            "description": "",
            "folder_id": "b1gcqjd2qv0nc6pk0mhv",
            "id": "enpjgemusv4ari6abvb4",
            "labels": {},
            "name": "network1",
            "subnet_ids": [
              "e2lcqegd8d9fpa2od6j4"
            ],
            "timeouts": null
          },
          "sensitive_attributes": [],
          "private": "eyJlMmJmYjczMC1lY2FhLTExZTYtOGY4OC0zNDM2M2JjN2M0YzAiOnsiY3JlYXRlIjo2MDAwMDAwMDAwMCwiZGVsZXRlIjo2MDAwMDAwMDAwMCwidXBkYXRlIjo2MDAwMDAwMDAwMH19"
        }
      ]
    },
    {
      "mode": "managed",
      "type": "yandex_vpc_subnet",
      "name": "subnet-1",
      "provider": "provider[\"registry.terraform.io/yandex-cloud/yandex\"]",
      "instances": [
        {
          "schema_version": 0,
          "attributes": {
            "created_at": "2023-09-05T15:18:51Z",
            "description": "",
            "dhcp_options": [],
            "folder_id": "b1gcqjd2qv0nc6pk0mhv",
            "id": "e2lcqegd8d9fpa2od6j4",
            "labels": {},
            "name": "subnet1",
            "network_id": "enpjgemusv4ari6abvb4",
            "route_table_id": "",
            "timeouts": null,
            "v4_cidr_blocks": [
              "192.168.10.0/24"
            ],
            "v6_cidr_blocks": [],
            "zone": "ru-central1-b"
          },
          "sensitive_attributes": [],
          "private": "eyJlMmJmYjczMC1lY2FhLTExZTYtOGY4OC0zNDM2M2JjN2M0YzAiOnsiY3JlYXRlIjoxODAwMDAwMDAwMDAsImRlbGV0ZSI6MTgwMDAwMDAwMDAwLCJ1cGRhdGUiOjE4MDAwMDAwMDAwMH19",
          "dependencies": [
            "yandex_vpc_network.network-1"
          ]
        }
      ]
    }
  ],
  "check_results": null
}
